
Microsoft Visual Studio Solution File, Format Version 12.00
# Visual Studio Version 17
VisualStudioVersion = 17.10.34902.84
MinimumVisualStudioVersion = 10.0.40219.1
Project("{FAE04EC0-301F-11D3-BF4B-00C04F79EFBC}") = "ConducterSO", "ConducterSO.csproj", "{04009003-F523-485F-8C2E-331405A8307C}"
EndProject
Global
	GlobalSection(SolutionConfigurationPlatforms) = preSolution
		Debug|Any CPU = Debug|Any CPU
		Release|Any CPU = Release|Any CPU
	EndGlobalSection
	GlobalSection(ProjectConfigurationPlatforms) = postSolution
		{04009003-F523-485F-8C2E-331405A8307C}.Debug|Any CPU.ActiveCfg = Debug|Any CPU
		{04009003-F523-485F-8C2E-331405A8307C}.Debug|Any CPU.Build.0 = Debug|Any CPU
		{04009003-F523-485F-8C2E-331405A8307C}.Release|Any CPU.ActiveCfg = Release|Any CPU
		{04009003-F523-485F-8C2E-331405A8307C}.Release|Any CPU.Build.0 = Release|Any CPU
	EndGlobalSection
	GlobalSection(SolutionProperties) = preSolution
		HideSolutionNode = FALSE
	EndGlobalSection
	GlobalSection(ExtensibilityGlobals) = postSolution
		SolutionGuid = {A02AED7A-E90E-4911-9FDF-45F158F846DA}
	EndGlobalSection
EndGlobal
